
Microsoft Visual Studio Solution File, Format Version 12.00
# Visual Studio 14
VisualStudioVersion = 14.0.25420.1
MinimumVisualStudioVersion = 10.0.40219.1
Project("{FAE04EC0-301F-11D3-BF4B-00C04F79EFBC}") = "CSharpGuitarBugs", "CSharpGuitarBugs\CSharpGuitarBugs.csproj", "{77788F9E-547C-4DF0-B4DA-CE68C47C03B9}"
EndProject
Project("{FAE04EC0-301F-11D3-BF4B-00C04F79EFBC}") = "CSharpGuitarBugs_Model", "CSharpGuitarBugs_Model\CSharpGuitarBugs_Model.csproj", "{13586AE1-6F5B-49C4-B9D9-7913F4F522BE}"
EndProject
Project("{FAE04EC0-301F-11D3-BF4B-00C04F79EFBC}") = "DAL", "DAL\DAL.csproj", "{6CA35F0D-33B4-43CC-8D68-57E3F084BF67}"
EndProject
Global
	GlobalSection(SolutionConfigurationPlatforms) = preSolution
		Debug|Any CPU = Debug|Any CPU
		Release|Any CPU = Release|Any CPU
	EndGlobalSection
	GlobalSection(ProjectConfigurationPlatforms) = postSolution
		{77788F9E-547C-4DF0-B4DA-CE68C47C03B9}.Debug|Any CPU.ActiveCfg = Debug|Any CPU
		{77788F9E-547C-4DF0-B4DA-CE68C47C03B9}.Debug|Any CPU.Build.0 = Debug|Any CPU
		{77788F9E-547C-4DF0-B4DA-CE68C47C03B9}.Release|Any CPU.ActiveCfg = Release|Any CPU
		{77788F9E-547C-4DF0-B4DA-CE68C47C03B9}.Release|Any CPU.Build.0 = Release|Any CPU
		{13586AE1-6F5B-49C4-B9D9-7913F4F522BE}.Debug|Any CPU.ActiveCfg = Debug|Any CPU
		{13586AE1-6F5B-49C4-B9D9-7913F4F522BE}.Debug|Any CPU.Build.0 = Debug|Any CPU
		{13586AE1-6F5B-49C4-B9D9-7913F4F522BE}.Release|Any CPU.ActiveCfg = Release|Any CPU
		{13586AE1-6F5B-49C4-B9D9-7913F4F522BE}.Release|Any CPU.Build.0 = Release|Any CPU
		{6CA35F0D-33B4-43CC-8D68-57E3F084BF67}.Debug|Any CPU.ActiveCfg = Debug|Any CPU
		{6CA35F0D-33B4-43CC-8D68-57E3F084BF67}.Debug|Any CPU.Build.0 = Debug|Any CPU
		{6CA35F0D-33B4-43CC-8D68-57E3F084BF67}.Release|Any CPU.ActiveCfg = Release|Any CPU
		{6CA35F0D-33B4-43CC-8D68-57E3F084BF67}.Release|Any CPU.Build.0 = Release|Any CPU
	EndGlobalSection
	GlobalSection(SolutionProperties) = preSolution
		HideSolutionNode = FALSE
	EndGlobalSection
EndGlobal
